
Microsoft Visual Studio Solution File, Format Version 12.00
# Visual Studio Version 16
VisualStudioVersion = 16.0.30711.63
MinimumVisualStudioVersion = 10.0.40219.1
Project("{2150E333-8FDC-42A3-9474-1A3956D46DE8}") = "Foundation", "Foundation", "{F896A9EC-97E6-4001-B6BB-6ED0A231C8D5}"
EndProject
Project("{2150E333-8FDC-42A3-9474-1A3956D46DE8}") = "Modules", "Modules", "{150711EC-D28E-4166-B5D2-E1F1B706B4D2}"
EndProject
Project("{2150E333-8FDC-42A3-9474-1A3956D46DE8}") = "Core", "Core", "{E1B6A63C-799C-4B73-AB65-14210B9C7A75}"
EndProject
Project("{9A19103F-16F7-4668-BE54-9A1E7A4F7556}") = "CrestApps.Core", "CrestApps.Core\CrestApps.Core.csproj", "{AA98549C-DC76-445A-AD4B-EDEFFD5394BD}"
EndProject
Project("{9A19103F-16F7-4668-BE54-9A1E7A4F7556}") = "CrestApps.Common.Helpers", "CrestApps.Common.Helpers\CrestApps.Common.Helpers.csproj", "{9B0B9AEC-D73F-4456-977D-C2BCC38285D8}"
EndProject
Project("{2150E333-8FDC-42A3-9474-1A3956D46DE8}") = "Data", "Data", "{432E5EEF-15A9-443B-85BF-940E1922BBCF}"
EndProject
Project("{9A19103F-16F7-4668-BE54-9A1E7A4F7556}") = "CrestApps.Data.Entity", "CrestApps.Data.Entity\CrestApps.Data.Entity.csproj", "{CB6F96C9-67F5-4F1F-B794-E80D89A86525}"
EndProject
Project("{9A19103F-16F7-4668-BE54-9A1E7A4F7556}") = "CrestApps.Data.Models", "CrestApps.Data.Models\CrestApps.Data.Models.csproj", "{7E8D18B1-AFF0-4646-BA90-4B13C1CB5AC4}"
EndProject
Project("{9A19103F-16F7-4668-BE54-9A1E7A4F7556}") = "CrestApps.Data.Abstraction", "CrestApps.Data.Abstraction\CrestApps.Data.Abstraction.csproj", "{DA869DE4-B331-4D15-95EE-EF9F9CEE4E6E}"
EndProject
Project("{9A19103F-16F7-4668-BE54-9A1E7A4F7556}") = "CrestApps.Foundation", "CrestApps.Foundation\CrestApps.Foundation.csproj", "{D2AC3CB7-7142-4251-B97D-7179E5EB7669}"
EndProject
Project("{9A19103F-16F7-4668-BE54-9A1E7A4F7556}") = "CrestApps.Core.Service", "CrestApps.Core.Service\CrestApps.Core.Service.csproj", "{39C613F9-F510-4F71-B395-82762EEC8F9F}"
EndProject
Project("{9A19103F-16F7-4668-BE54-9A1E7A4F7556}") = "CrestApps.Security", "CrestApps.Security\CrestApps.Security.csproj", "{FB541F5A-3CD4-49BA-8186-0C98E1D958A8}"
EndProject
Project("{9A19103F-16F7-4668-BE54-9A1E7A4F7556}") = "CrestApps.Events.Abstraction", "CrestApps.Events.Abstraction\CrestApps.Events.Abstraction.csproj", "{C58A4397-BB09-43A0-84E8-DF16D54FEE50}"
EndProject
Project("{9A19103F-16F7-4668-BE54-9A1E7A4F7556}") = "CrestApps.AutoMapping", "CrestApps.AutoMapping\CrestApps.AutoMapping.csproj", "{C2231891-BF69-442C-8B28-4A5489F72D5D}"
EndProject
Project("{9A19103F-16F7-4668-BE54-9A1E7A4F7556}") = "CrestApps.Core.WebPresentation", "CrestApps.Core.WebPresentation\CrestApps.Core.WebPresentation.csproj", "{447BDB96-2890-42F3-A9EE-E2FB9A714E8F}"
EndProject
Project("{9A19103F-16F7-4668-BE54-9A1E7A4F7556}") = "CrestApps.Data.Core.Abstraction", "CrestApps.Data.Core.Abstraction\CrestApps.Data.Core.Abstraction.csproj", "{84D37E56-9AFA-47B8-9664-C6BF3C66FC32}"
EndProject
Project("{2150E333-8FDC-42A3-9474-1A3956D46DE8}") = "Pomelo", "Pomelo", "{CEFE7BF4-85ED-4292-8DFD-0D819A307D5E}"
	ProjectSection(SolutionItems) = preProject
		..\..\..\Users\malhayek\Downloads\Pomelo.EntityFrameworkCore.MySql-master\Pomelo.EntityFrameworkCore.MySql-master\src\EFCore.MySql.Json.Newtonsoft\EFCore.MySql.Json.Newtonsoft.csproj = ..\..\..\Users\malhayek\Downloads\Pomelo.EntityFrameworkCore.MySql-master\Pomelo.EntityFrameworkCore.MySql-master\src\EFCore.MySql.Json.Newtonsoft\EFCore.MySql.Json.Newtonsoft.csproj
	EndProjectSection
EndProject
Project("{9A19103F-16F7-4668-BE54-9A1E7A4F7556}") = "EFCore.MySql", "..\..\..\Users\malhayek\Downloads\Pomelo.EntityFrameworkCore.MySql-master\Pomelo.EntityFrameworkCore.MySql-master\src\EFCore.MySql\EFCore.MySql.csproj", "{5EE58B7D-8B34-436C-974E-3919742E5387}"
EndProject
Project("{9A19103F-16F7-4668-BE54-9A1E7A4F7556}") = "EFCore.MySql.Json.Microsoft", "..\..\..\Users\malhayek\Downloads\Pomelo.EntityFrameworkCore.MySql-master\Pomelo.EntityFrameworkCore.MySql-master\src\EFCore.MySql.Json.Microsoft\EFCore.MySql.Json.Microsoft.csproj", "{CB0612DA-572E-4145-B4C3-F738C62CC7E9}"
EndProject
Project("{9A19103F-16F7-4668-BE54-9A1E7A4F7556}") = "EFCore.MySql.NTS", "..\..\..\Users\malhayek\Downloads\Pomelo.EntityFrameworkCore.MySql-master\Pomelo.EntityFrameworkCore.MySql-master\src\EFCore.MySql.NTS\EFCore.MySql.NTS.csproj", "{51EC66DB-D8AF-4FD3-AFF0-AD208F537856}"
EndProject
Global
	GlobalSection(SolutionConfigurationPlatforms) = preSolution
		Debug|Any CPU = Debug|Any CPU
		Release|Any CPU = Release|Any CPU
	EndGlobalSection
	GlobalSection(ProjectConfigurationPlatforms) = postSolution
		{AA98549C-DC76-445A-AD4B-EDEFFD5394BD}.Debug|Any CPU.ActiveCfg = Debug|Any CPU
		{AA98549C-DC76-445A-AD4B-EDEFFD5394BD}.Debug|Any CPU.Build.0 = Debug|Any CPU
		{AA98549C-DC76-445A-AD4B-EDEFFD5394BD}.Release|Any CPU.ActiveCfg = Release|Any CPU
		{AA98549C-DC76-445A-AD4B-EDEFFD5394BD}.Release|Any CPU.Build.0 = Release|Any CPU
		{9B0B9AEC-D73F-4456-977D-C2BCC38285D8}.Debug|Any CPU.ActiveCfg = Debug|Any CPU
		{9B0B9AEC-D73F-4456-977D-C2BCC38285D8}.Debug|Any CPU.Build.0 = Debug|Any CPU
		{9B0B9AEC-D73F-4456-977D-C2BCC38285D8}.Release|Any CPU.ActiveCfg = Release|Any CPU
		{9B0B9AEC-D73F-4456-977D-C2BCC38285D8}.Release|Any CPU.Build.0 = Release|Any CPU
		{CB6F96C9-67F5-4F1F-B794-E80D89A86525}.Debug|Any CPU.ActiveCfg = Debug|Any CPU
		{CB6F96C9-67F5-4F1F-B794-E80D89A86525}.Debug|Any CPU.Build.0 = Debug|Any CPU
		{CB6F96C9-67F5-4F1F-B794-E80D89A86525}.Release|Any CPU.ActiveCfg = Release|Any CPU
		{CB6F96C9-67F5-4F1F-B794-E80D89A86525}.Release|Any CPU.Build.0 = Release|Any CPU
		{7E8D18B1-AFF0-4646-BA90-4B13C1CB5AC4}.Debug|Any CPU.ActiveCfg = Debug|Any CPU
		{7E8D18B1-AFF0-4646-BA90-4B13C1CB5AC4}.Debug|Any CPU.Build.0 = Debug|Any CPU
		{7E8D18B1-AFF0-4646-BA90-4B13C1CB5AC4}.Release|Any CPU.ActiveCfg = Release|Any CPU
		{7E8D18B1-AFF0-4646-BA90-4B13C1CB5AC4}.Release|Any CPU.Build.0 = Release|Any CPU
		{DA869DE4-B331-4D15-95EE-EF9F9CEE4E6E}.Debug|Any CPU.ActiveCfg = Debug|Any CPU
		{DA869DE4-B331-4D15-95EE-EF9F9CEE4E6E}.Debug|Any CPU.Build.0 = Debug|Any CPU
		{DA869DE4-B331-4D15-95EE-EF9F9CEE4E6E}.Release|Any CPU.ActiveCfg = Release|Any CPU
		{DA869DE4-B331-4D15-95EE-EF9F9CEE4E6E}.Release|Any CPU.Build.0 = Release|Any CPU
		{D2AC3CB7-7142-4251-B97D-7179E5EB7669}.Debug|Any CPU.ActiveCfg = Debug|Any CPU
		{D2AC3CB7-7142-4251-B97D-7179E5EB7669}.Debug|Any CPU.Build.0 = Debug|Any CPU
		{D2AC3CB7-7142-4251-B97D-7179E5EB7669}.Release|Any CPU.ActiveCfg = Release|Any CPU
		{D2AC3CB7-7142-4251-B97D-7179E5EB7669}.Release|Any CPU.Build.0 = Release|Any CPU
		{39C613F9-F510-4F71-B395-82762EEC8F9F}.Debug|Any CPU.ActiveCfg = Debug|Any CPU
		{39C613F9-F510-4F71-B395-82762EEC8F9F}.Debug|Any CPU.Build.0 = Debug|Any CPU
		{39C613F9-F510-4F71-B395-82762EEC8F9F}.Release|Any CPU.ActiveCfg = Release|Any CPU
		{39C613F9-F510-4F71-B395-82762EEC8F9F}.Release|Any CPU.Build.0 = Release|Any CPU
		{FB541F5A-3CD4-49BA-8186-0C98E1D958A8}.Debug|Any CPU.ActiveCfg = Debug|Any CPU
		{FB541F5A-3CD4-49BA-8186-0C98E1D958A8}.Debug|Any CPU.Build.0 = Debug|Any CPU
		{FB541F5A-3CD4-49BA-8186-0C98E1D958A8}.Release|Any CPU.ActiveCfg = Release|Any CPU
		{FB541F5A-3CD4-49BA-8186-0C98E1D958A8}.Release|Any CPU.Build.0 = Release|Any CPU
		{C58A4397-BB09-43A0-84E8-DF16D54FEE50}.Debug|Any CPU.ActiveCfg = Debug|Any CPU
		{C58A4397-BB09-43A0-84E8-DF16D54FEE50}.Debug|Any CPU.Build.0 = Debug|Any CPU
		{C58A4397-BB09-43A0-84E8-DF16D54FEE50}.Release|Any CPU.ActiveCfg = Release|Any CPU
		{C58A4397-BB09-43A0-84E8-DF16D54FEE50}.Release|Any CPU.Build.0 = Release|Any CPU
		{C2231891-BF69-442C-8B28-4A5489F72D5D}.Debug|Any CPU.ActiveCfg = Debug|Any CPU
		{C2231891-BF69-442C-8B28-4A5489F72D5D}.Debug|Any CPU.Build.0 = Debug|Any CPU
		{C2231891-BF69-442C-8B28-4A5489F72D5D}.Release|Any CPU.ActiveCfg = Release|Any CPU
		{C2231891-BF69-442C-8B28-4A5489F72D5D}.Release|Any CPU.Build.0 = Release|Any CPU
		{447BDB96-2890-42F3-A9EE-E2FB9A714E8F}.Debug|Any CPU.ActiveCfg = Debug|Any CPU
		{447BDB96-2890-42F3-A9EE-E2FB9A714E8F}.Debug|Any CPU.Build.0 = Debug|Any CPU
		{447BDB96-2890-42F3-A9EE-E2FB9A714E8F}.Release|Any CPU.ActiveCfg = Release|Any CPU
		{447BDB96-2890-42F3-A9EE-E2FB9A714E8F}.Release|Any CPU.Build.0 = Release|Any CPU
		{84D37E56-9AFA-47B8-9664-C6BF3C66FC32}.Debug|Any CPU.ActiveCfg = Debug|Any CPU
		{84D37E56-9AFA-47B8-9664-C6BF3C66FC32}.Debug|Any CPU.Build.0 = Debug|Any CPU
		{84D37E56-9AFA-47B8-9664-C6BF3C66FC32}.Release|Any CPU.ActiveCfg = Release|Any CPU
		{84D37E56-9AFA-47B8-9664-C6BF3C66FC32}.Release|Any CPU.Build.0 = Release|Any CPU
		{5EE58B7D-8B34-436C-974E-3919742E5387}.Debug|Any CPU.ActiveCfg = Debug|Any CPU
		{5EE58B7D-8B34-436C-974E-3919742E5387}.Debug|Any CPU.Build.0 = Debug|Any CPU
		{5EE58B7D-8B34-436C-974E-3919742E5387}.Release|Any CPU.ActiveCfg = Release|Any CPU
		{5EE58B7D-8B34-436C-974E-3919742E5387}.Release|Any CPU.Build.0 = Release|Any CPU
		{CB0612DA-572E-4145-B4C3-F738C62CC7E9}.Debug|Any CPU.ActiveCfg = Debug|Any CPU
		{CB0612DA-572E-4145-B4C3-F738C62CC7E9}.Debug|Any CPU.Build.0 = Debug|Any CPU
		{CB0612DA-572E-4145-B4C3-F738C62CC7E9}.Release|Any CPU.ActiveCfg = Release|Any CPU
		{CB0612DA-572E-4145-B4C3-F738C62CC7E9}.Release|Any CPU.Build.0 = Release|Any CPU
		{51EC66DB-D8AF-4FD3-AFF0-AD208F537856}.Debug|Any CPU.ActiveCfg = Debug|Any CPU
		{51EC66DB-D8AF-4FD3-AFF0-AD208F537856}.Debug|Any CPU.Build.0 = Debug|Any CPU
		{51EC66DB-D8AF-4FD3-AFF0-AD208F537856}.Release|Any CPU.ActiveCfg = Release|Any CPU
		{51EC66DB-D8AF-4FD3-AFF0-AD208F537856}.Release|Any CPU.Build.0 = Release|Any CPU
	EndGlobalSection
	GlobalSection(SolutionProperties) = preSolution
		HideSolutionNode = FALSE
	EndGlobalSection
	GlobalSection(NestedProjects) = preSolution
		{AA98549C-DC76-445A-AD4B-EDEFFD5394BD} = {E1B6A63C-799C-4B73-AB65-14210B9C7A75}
		{9B0B9AEC-D73F-4456-977D-C2BCC38285D8} = {F896A9EC-97E6-4001-B6BB-6ED0A231C8D5}
		{CB6F96C9-67F5-4F1F-B794-E80D89A86525} = {432E5EEF-15A9-443B-85BF-940E1922BBCF}
		{7E8D18B1-AFF0-4646-BA90-4B13C1CB5AC4} = {432E5EEF-15A9-443B-85BF-940E1922BBCF}
		{DA869DE4-B331-4D15-95EE-EF9F9CEE4E6E} = {432E5EEF-15A9-443B-85BF-940E1922BBCF}
		{D2AC3CB7-7142-4251-B97D-7179E5EB7669} = {F896A9EC-97E6-4001-B6BB-6ED0A231C8D5}
		{39C613F9-F510-4F71-B395-82762EEC8F9F} = {E1B6A63C-799C-4B73-AB65-14210B9C7A75}
		{FB541F5A-3CD4-49BA-8186-0C98E1D958A8} = {F896A9EC-97E6-4001-B6BB-6ED0A231C8D5}
		{C58A4397-BB09-43A0-84E8-DF16D54FEE50} = {F896A9EC-97E6-4001-B6BB-6ED0A231C8D5}
		{C2231891-BF69-442C-8B28-4A5489F72D5D} = {F896A9EC-97E6-4001-B6BB-6ED0A231C8D5}
		{447BDB96-2890-42F3-A9EE-E2FB9A714E8F} = {E1B6A63C-799C-4B73-AB65-14210B9C7A75}
		{84D37E56-9AFA-47B8-9664-C6BF3C66FC32} = {432E5EEF-15A9-443B-85BF-940E1922BBCF}
		{5EE58B7D-8B34-436C-974E-3919742E5387} = {CEFE7BF4-85ED-4292-8DFD-0D819A307D5E}
		{CB0612DA-572E-4145-B4C3-F738C62CC7E9} = {CEFE7BF4-85ED-4292-8DFD-0D819A307D5E}
		{51EC66DB-D8AF-4FD3-AFF0-AD208F537856} = {CEFE7BF4-85ED-4292-8DFD-0D819A307D5E}
	EndGlobalSection
	GlobalSection(ExtensibilityGlobals) = postSolution
		SolutionGuid = {34A2677C-92E6-4D73-8C4F-10CEC2BA219A}
	EndGlobalSection
EndGlobal
