<Solution>
  <Configurations>
    <Platform Name="Any CPU" />
    <Platform Name="x64" />
    <Platform Name="x86" />
  </Configurations>
  <Folder Name="/Solution Items/">
    <File Path="Directory.Build.props" />
    <File Path="Directory.Packages.props" />
    <File Path="README.md" />
    <File Path="SECURITY.md" />
  </Folder>
  <Folder Name="/src/">
    <Project Path="src/CrestApps.Core.Docs/CrestApps.Core.Docs.csproj" />
  </Folder>
  <Folder Name="/src/Abstractions/">
    <Project Path="src/Abstractions/CrestApps.Core.Abstractions/CrestApps.Core.Abstractions.csproj" />
    <Project Path="src/Abstractions/CrestApps.Core.AI.Abstractions/CrestApps.Core.AI.Abstractions.csproj" />
    <Project Path="src/Abstractions/CrestApps.Core.Infrastructure.Abstractions/CrestApps.Core.Infrastructure.Abstractions.csproj" />
  </Folder>
  <Folder Name="/src/Primitives/">
    <Project Path="src/Primitives/CrestApps.Core.AI.A2A/CrestApps.Core.AI.A2A.csproj" />
    <Project Path="src/Primitives/CrestApps.Core.AI.AzureAIInference/CrestApps.Core.AI.AzureAIInference.csproj" />
    <Project Path="src/Primitives/CrestApps.Core.AI.Chat/CrestApps.Core.AI.Chat.csproj" />
    <Project Path="src/Primitives/CrestApps.Core.AI.Copilot/CrestApps.Core.AI.Copilot.csproj" />
    <Project Path="src/Primitives/CrestApps.Core.AI.Ftp/CrestApps.Core.AI.Ftp.csproj" />
    <Project Path="src/Primitives/CrestApps.Core.AI.Markdown/CrestApps.Core.AI.Markdown.csproj" />
    <Project Path="src/Primitives/CrestApps.Core.AI.Mcp/CrestApps.Core.AI.Mcp.csproj" />
    <Project Path="src/Primitives/CrestApps.Core.AI.Ollama/CrestApps.Core.AI.Ollama.csproj" />
    <Project Path="src/Primitives/CrestApps.Core.AI.OpenAI.Azure/CrestApps.Core.AI.OpenAI.Azure.csproj" />
    <Project Path="src/Primitives/CrestApps.Core.AI.OpenAI/CrestApps.Core.AI.OpenAI.csproj" />
    <Project Path="src/Primitives/CrestApps.Core.AI.OpenXml/CrestApps.Core.AI.OpenXml.csproj" />
    <Project Path="src/Primitives/CrestApps.Core.AI.Pdf/CrestApps.Core.AI.Pdf.csproj" />
    <Project Path="src/Primitives/CrestApps.Core.AI.Sftp/CrestApps.Core.AI.Sftp.csproj" />
    <Project Path="src/Primitives/CrestApps.Core.AI/CrestApps.Core.AI.csproj" />
    <Project Path="src/Primitives/CrestApps.Core.Azure.AISearch/CrestApps.Core.Azure.AISearch.csproj" />
    <Project Path="src/Primitives/CrestApps.Core.Azure/CrestApps.Core.Azure.csproj" />
    <Project Path="src/Primitives/CrestApps.Core.Elasticsearch/CrestApps.Core.Elasticsearch.csproj" />
    <Project Path="src/Primitives/CrestApps.Core.Infrastructure/CrestApps.Core.Infrastructure.csproj" />
    <Project Path="src/Primitives/CrestApps.Core.SignalR/CrestApps.Core.SignalR.csproj" />
    <Project Path="src/Primitives/CrestApps.Core.Templates/CrestApps.Core.Templates.csproj" />
    <Project Path="src/Primitives/CrestApps.Core/CrestApps.Core.csproj" />
  </Folder>
  <Folder Name="/src/Resources/">
    <Project Path="src/Resources/CrestApps.AI.Resources/CrestApps.AI.Resources.csproj" />
  </Folder>
  <Folder Name="/src/Startup/">
    <Project Path="src/Startup/CrestApps.Core.Aspire.AppHost/CrestApps.Core.Aspire.AppHost.csproj" />
    <Project Path="src/Startup/CrestApps.Core.Mvc.Samples.A2AClient/CrestApps.Core.Mvc.Samples.A2AClient.csproj" />
    <Project Path="src/Startup/CrestApps.Core.Mvc.Samples.McpClient/CrestApps.Core.Mvc.Samples.McpClient.csproj" />
    <Project Path="src/Startup/CrestApps.Core.Mvc.Web/CrestApps.Core.Mvc.Web.csproj" />
    <Project Path="src/Startup/CrestApps.Core.Blazor.Web/CrestApps.Core.Blazor.Web.csproj" />
  </Folder>
  <Folder Name="/src/Stores/">
    <Project Path="src/Stores/CrestApps.Core.Data.EntityCore/CrestApps.Core.Data.EntityCore.csproj" />
    <Project Path="src/Stores/CrestApps.Core.Data.YesSql/CrestApps.Core.Data.YesSql.csproj" />
  </Folder>
  <Folder Name="/src/Utilities/">
    <Project Path="src/Utilities/CrestApps.Core.Support/CrestApps.Core.Support.csproj" />
  </Folder>
  <Folder Name="/tests/">
    <Project Path="tests/CrestApps.Core.Tests/CrestApps.Core.Tests.csproj" />
  </Folder>
</Solution>
