{
  "name": "CrestApps.Core.Mvc.Web",
  "lockfileVersion": 3,
  "requires": true,
  "packages": {
    "": {
      "hasInstallScript": true,
      "dependencies": {
        "@crestapps/ai-chat-ui": "file:../../Resources/CrestApps.AI.Resources"
      }
    },
    "../../Resources/CrestApps.AI.Resources": {
      "name": "@crestapps/ai-chat-ui",
      "version": "1.0.0-preview-22",
      "license": "MIT",
      "peerDependencies": {
        "chart.js": ">=3.0.0"
      },
      "peerDependenciesMeta": {
        "chart.js": {
          "optional": true
        }
      }
    },
    "node_modules/@crestapps/ai-chat-ui": {
      "resolved": "../../Resources/CrestApps.AI.Resources",
      "link": true
    }
  }
}
